
Microsoft Visual Studio Solution File, Format Version 12.00
# Visual Studio Version 17
VisualStudioVersion = 17.8.34330.188
MinimumVisualStudioVersion = 10.0.40219.1
Project("{FAE04EC0-301F-11D3-BF4B-00C04F79EFBC}") = "SE-Torch-MissingBlockNotifier", "SE-Torch-MissingBlockNotifier.csproj", "{64867628-7C9D-4209-9DF2-B62BD7325E9F}"
EndProject
Global
	GlobalSection(SolutionConfigurationPlatforms) = preSolution
		Debug|Any CPU = Debug|Any CPU
		Release|Any CPU = Release|Any CPU
	EndGlobalSection
	GlobalSection(ProjectConfigurationPlatforms) = postSolution
		{64867628-7C9D-4209-9DF2-B62BD7325E9F}.Debug|Any CPU.ActiveCfg = Debug|Any CPU
		{64867628-7C9D-4209-9DF2-B62BD7325E9F}.Debug|Any CPU.Build.0 = Debug|Any CPU
		{64867628-7C9D-4209-9DF2-B62BD7325E9F}.Release|Any CPU.ActiveCfg = Release|Any CPU
		{64867628-7C9D-4209-9DF2-B62BD7325E9F}.Release|Any CPU.Build.0 = Release|Any CPU
	EndGlobalSection
	GlobalSection(SolutionProperties) = preSolution
		HideSolutionNode = FALSE
	EndGlobalSection
	GlobalSection(ExtensibilityGlobals) = postSolution
		SolutionGuid = {35FD5046-34E9-44D4-8FBB-785B04C3CE1C}
	EndGlobalSection
EndGlobal
