
Microsoft Visual Studio Solution File, Format Version 12.00
# Visual Studio Version 17
VisualStudioVersion = 17.8.34330.188
MinimumVisualStudioVersion = 10.0.40219.1
Project("{FAE04EC0-301F-11D3-BF4B-00C04F79EFBC}") = "SE-Torch-TorchPlugin", "SE-Torch-TorchPlugin.csproj", "{AA214F7C-D9E2-4DE4-9E84-CF10E04FF6C2}"
EndProject
Global
	GlobalSection(SolutionConfigurationPlatforms) = preSolution
		Debug|Any CPU = Debug|Any CPU
		Release|Any CPU = Release|Any CPU
	EndGlobalSection
	GlobalSection(ProjectConfigurationPlatforms) = postSolution
		{AA214F7C-D9E2-4DE4-9E84-CF10E04FF6C2}.Debug|Any CPU.ActiveCfg = Debug|Any CPU
		{AA214F7C-D9E2-4DE4-9E84-CF10E04FF6C2}.Debug|Any CPU.Build.0 = Debug|Any CPU
		{AA214F7C-D9E2-4DE4-9E84-CF10E04FF6C2}.Release|Any CPU.ActiveCfg = Release|Any CPU
		{AA214F7C-D9E2-4DE4-9E84-CF10E04FF6C2}.Release|Any CPU.Build.0 = Release|Any CPU
	EndGlobalSection
	GlobalSection(SolutionProperties) = preSolution
		HideSolutionNode = FALSE
	EndGlobalSection
	GlobalSection(ExtensibilityGlobals) = postSolution
		SolutionGuid = {35FD5046-34E9-44D4-8FBB-785B04C3CE1C}
	EndGlobalSection
EndGlobal
